
Microsoft Visual Studio Solution File, Format Version 12.00
# Visual Studio Version 17
VisualStudioVersion = 17.7.34031.279
MinimumVisualStudioVersion = 10.0.40219.1
Project("{9A19103F-16F7-4668-BE54-9A1E7A4F7556}") = "ui_wfa_folha", "ui_wfa_folha\ui_wfa_folha.csproj", "{925A6D77-595D-4796-890E-F70F77746937}"
EndProject
Project("{FAE04EC0-301F-11D3-BF4B-00C04F79EFBC}") = "cl_dal", "cl_dal\cl_dal.csproj", "{EC0E3043-42C0-4EAD-8DA8-92D285D6E87F}"
EndProject
Project("{FAE04EC0-301F-11D3-BF4B-00C04F79EFBC}") = "cl_models", "cl_models\cl_models.csproj", "{7465A671-9263-4A15-81CC-F496F4F51BB1}"
EndProject
Global
	GlobalSection(SolutionConfigurationPlatforms) = preSolution
		Debug|Any CPU = Debug|Any CPU
		Release|Any CPU = Release|Any CPU
	EndGlobalSection
	GlobalSection(ProjectConfigurationPlatforms) = postSolution
		{925A6D77-595D-4796-890E-F70F77746937}.Debug|Any CPU.ActiveCfg = Debug|Any CPU
		{925A6D77-595D-4796-890E-F70F77746937}.Debug|Any CPU.Build.0 = Debug|Any CPU
		{925A6D77-595D-4796-890E-F70F77746937}.Release|Any CPU.ActiveCfg = Release|Any CPU
		{925A6D77-595D-4796-890E-F70F77746937}.Release|Any CPU.Build.0 = Release|Any CPU
		{EC0E3043-42C0-4EAD-8DA8-92D285D6E87F}.Debug|Any CPU.ActiveCfg = Debug|Any CPU
		{EC0E3043-42C0-4EAD-8DA8-92D285D6E87F}.Debug|Any CPU.Build.0 = Debug|Any CPU
		{EC0E3043-42C0-4EAD-8DA8-92D285D6E87F}.Release|Any CPU.ActiveCfg = Release|Any CPU
		{EC0E3043-42C0-4EAD-8DA8-92D285D6E87F}.Release|Any CPU.Build.0 = Release|Any CPU
		{7465A671-9263-4A15-81CC-F496F4F51BB1}.Debug|Any CPU.ActiveCfg = Debug|Any CPU
		{7465A671-9263-4A15-81CC-F496F4F51BB1}.Debug|Any CPU.Build.0 = Debug|Any CPU
		{7465A671-9263-4A15-81CC-F496F4F51BB1}.Release|Any CPU.ActiveCfg = Release|Any CPU
		{7465A671-9263-4A15-81CC-F496F4F51BB1}.Release|Any CPU.Build.0 = Release|Any CPU
	EndGlobalSection
	GlobalSection(SolutionProperties) = preSolution
		HideSolutionNode = FALSE
	EndGlobalSection
	GlobalSection(ExtensibilityGlobals) = postSolution
		SolutionGuid = {98E6BDCF-5CAD-4822-9EA9-B6365DDB08A7}
	EndGlobalSection
EndGlobal
